{
  "name": "marecchia",
  "lockfileVersion": 3,
  "requires": true,
  "packages": {
    "": {
      "name": "marecchia",
      "license": "AGPL-3.0-or-later",
      "workspaces": [
        "packages/*",
        "../crates/marecchia-core/pkg"
      ]
    },
    "../crates/marecchia-core/pkg": {
      "name": "@marecchia/marecchia-core",
      "version": "0.0.4",
      "extraneous": true,
      "license": "AGPL-3.0-or-later"
    },
    "node_modules/@marecchia/hlsjs": {
      "resolved": "packages/hlsjs",
      "link": true
    },
    "node_modules/hls.js": {
      "version": "1.6.7",
      "resolved": "https://registry.npmjs.org/hls.js/-/hls.js-1.6.7.tgz",
      "integrity": "sha512-QW2fnwDGKGc9DwQUGLbmMOz8G48UZK7PVNJPcOUql1b8jubKx4/eMHNP5mGqr6tYlJNDG1g10Lx2U/qPzL6zwQ==",
      "license": "Apache-2.0"
    },
    "node_modules/typescript": {
      "version": "5.9.2",
      "resolved": "https://registry.npmjs.org/typescript/-/typescript-5.9.2.tgz",
      "integrity": "sha512-CWBzXQrc/qOkhidw1OzBTQuYRbfyxDXJMVJ1XNwUHGROVmuaeiEm3OslpZ1RV96d7SKKjZKrSJu3+t/xlw3R9A==",
      "dev": true,
      "license": "Apache-2.0",
      "bin": {
        "tsc": "bin/tsc",
        "tsserver": "bin/tsserver"
      },
      "engines": {
        "node": ">=14.17"
      }
    },
    "packages/hlsjs": {
      "name": "@marecchia/hlsjs",
      "version": "0.0.5",
      "license": "AGPL-3.0-or-later",
      "dependencies": {
        "@marecchia/marecchia-core": "latest",
        "hls.js": "^1.5.7"
      },
      "devDependencies": {
        "typescript": "^5.9.2"
      }
    },
    "packages/hlsjs/node_modules/@marecchia/marecchia-core": {
      "version": "0.0.4",
      "resolved": "https://registry.npmjs.org/@marecchia/marecchia-core/-/marecchia-core-0.0.4.tgz",
      "integrity": "sha512-kbklcZut118FB/v9udI574dljFC0zmevGgFZOGYjpMMbrOMnU80fn3xJG/TxmSrkLe54RCHGgz/7J4tNWEfVAg=="
    }
  }
}
