{
  "name": "marecchia",
  "version": "0.0.1",
  "lockfileVersion": 3,
  "requires": true,
  "packages": {
    "": {
      "name": "marecchia",
      "version": "0.0.1",
      "license": "MIT",
      "dependencies": {
        "hls.js": "^1.5.7"
      },
      "devDependencies": {
        "typescript": "^5.3.3"
      }
    },
    "node_modules/hls.js": {
      "version": "1.5.7",
      "resolved": "https://registry.npmjs.org/hls.js/-/hls.js-1.5.7.tgz",
      "integrity": "sha512-Hnyf7ojTBtXHeOW1/t6wCBJSiK1WpoKF9yg7juxldDx8u3iswrkPt2wbOA/1NiwU4j27DSIVoIEJRAhcdMef/A=="
    },
    "node_modules/typescript": {
      "version": "5.4.2",
      "resolved": "https://registry.npmjs.org/typescript/-/typescript-5.4.2.tgz",
      "integrity": "sha512-+2/g0Fds1ERlP6JsakQQDXjZdZMM+rqpamFZJEKh4kwTIn3iDkgKtby0CeNd5ATNZ4Ry1ax15TMx0W2V+miizQ==",
      "dev": true,
      "bin": {
        "tsc": "bin/tsc",
        "tsserver": "bin/tsserver"
      },
      "engines": {
        "node": ">=14.17"
      }
    }
  }
}
