{
  "name": "marecchia",
  "lockfileVersion": 3,
  "requires": true,
  "packages": {
    "": {
      "name": "marecchia",
      "license": "AGPL-3.0-or-later",
      "workspaces": [
        "packages/*",
        "../crates/marecchia-core/pkg"
      ]
    },
    "../crates/marecchia-core/pkg": {
      "name": "@marecchia/marecchia-core",
      "version": "0.0.4",
      "extraneous": true,
      "license": "AGPL-3.0-or-later"
    },
    "node_modules/@marecchia/hlsjs": {
      "resolved": "packages/hlsjs",
      "link": true
    },
    "node_modules/hls.js": {
      "version": "1.5.19",
      "resolved": "https://registry.npmjs.org/hls.js/-/hls.js-1.5.19.tgz",
      "integrity": "sha512-C020dKWEJcyvLnrqsFKW4q6D/6IEzKWdhktIS5bgoyEFE8lHgrFBq4RIngdy113abJOlIruhv8qjg7UX8hwxOw==",
      "license": "Apache-2.0"
    },
    "node_modules/typescript": {
      "version": "5.7.3",
      "resolved": "https://registry.npmjs.org/typescript/-/typescript-5.7.3.tgz",
      "integrity": "sha512-84MVSjMEHP+FQRPy3pX9sTVV/INIex71s9TL2Gm5FG/WG1SqXeKyZ0k7/blY/4FdOzI12CBy1vGc4og/eus0fw==",
      "dev": true,
      "license": "Apache-2.0",
      "bin": {
        "tsc": "bin/tsc",
        "tsserver": "bin/tsserver"
      },
      "engines": {
        "node": ">=14.17"
      }
    },
    "packages/hlsjs": {
      "name": "@marecchia/hlsjs",
      "version": "0.0.5",
      "license": "AGPL-3.0-or-later",
      "dependencies": {
        "@marecchia/marecchia-core": "latest",
        "hls.js": "^1.5.19"
      },
      "devDependencies": {
        "typescript": "^5.3.3"
      }
    },
    "packages/hlsjs/node_modules/@marecchia/marecchia-core": {
      "version": "0.0.4",
      "resolved": "https://registry.npmjs.org/@marecchia/marecchia-core/-/marecchia-core-0.0.4.tgz",
      "integrity": "sha512-kbklcZut118FB/v9udI574dljFC0zmevGgFZOGYjpMMbrOMnU80fn3xJG/TxmSrkLe54RCHGgz/7J4tNWEfVAg=="
    }
  }
}
